
Microsoft Visual Studio Solution File, Format Version 12.00
# Visual Studio Version 16
VisualStudioVersion = 25.0.1703.6
MinimumVisualStudioVersion = 10.0.40219.1
Project("{FAE04EC0-301F-11D3-BF4B-00C04F79EFBC}") = "FruitBasket", "FruitBasket\FruitBasket.csproj", "{EC510B64-30DC-47A4-8CCF-C9FD2FFCA064}"
EndProject
Project("{FAE04EC0-301F-11D3-BF4B-00C04F79EFBC}") = "FruitBasketTests", "FruitBasketTests\FruitBasketTests.csproj", "{E75CDFDB-7644-461F-9C7D-8B9B5975943E}"
EndProject
Project("{2150E333-8FDC-42A3-9474-1A3956D46DE8}") = "Solution Items", "Solution Items", "{0D45C912-9EBB-46C4-A438-542D27B92BD0}"
	ProjectSection(SolutionItems) = preProject
		.gitignore = .gitignore
	EndProjectSection
EndProject
Global
	GlobalSection(SolutionConfigurationPlatforms) = preSolution
		Debug|Any CPU = Debug|Any CPU
		Release|Any CPU = Release|Any CPU
	EndGlobalSection
	GlobalSection(ProjectConfigurationPlatforms) = postSolution
		{EC510B64-30DC-47A4-8CCF-C9FD2FFCA064}.Debug|Any CPU.ActiveCfg = Debug|Any CPU
		{EC510B64-30DC-47A4-8CCF-C9FD2FFCA064}.Debug|Any CPU.Build.0 = Debug|Any CPU
		{EC510B64-30DC-47A4-8CCF-C9FD2FFCA064}.Release|Any CPU.ActiveCfg = Release|Any CPU
		{EC510B64-30DC-47A4-8CCF-C9FD2FFCA064}.Release|Any CPU.Build.0 = Release|Any CPU
		{E75CDFDB-7644-461F-9C7D-8B9B5975943E}.Debug|Any CPU.ActiveCfg = Debug|Any CPU
		{E75CDFDB-7644-461F-9C7D-8B9B5975943E}.Debug|Any CPU.Build.0 = Debug|Any CPU
		{E75CDFDB-7644-461F-9C7D-8B9B5975943E}.Release|Any CPU.ActiveCfg = Release|Any CPU
		{E75CDFDB-7644-461F-9C7D-8B9B5975943E}.Release|Any CPU.Build.0 = Release|Any CPU
	EndGlobalSection
	GlobalSection(SolutionProperties) = preSolution
		HideSolutionNode = FALSE
	EndGlobalSection
	GlobalSection(ExtensibilityGlobals) = postSolution
		SolutionGuid = {EE94313C-0BC2-4C41-BB1B-861441EECB70}
	EndGlobalSection
EndGlobal
